<?xml version="1.0" encoding="utf-8"?>
<Project ToolsVersion="4.0" xmlns="http://schemas.microsoft.com/developer/msbuild/2003">
  <ItemGroup>
    <Filter Include="소스 파일">
      <UniqueIdentifier>{90f2080b-eef4-4a9e-9ee4-2b38839ce3bf}</UniqueIdentifier>
    </Filter>
    <Filter Include="생성 파일">
      <UniqueIdentifier>{59f49c5b-e7c3-44fe-b25e-52558b8a208d}</UniqueIdentifier>
      <SourceControlFiles>False</SourceControlFiles>
    </Filter>
  </ItemGroup>
  <ItemGroup>
    <None Include="HelloWorldps.def" />
  </ItemGroup>
  <ItemGroup>
    <ClCompile Include="HelloWorld_i.c">
      <Filter>생성 파일</Filter>
    </ClCompile>
    <ClCompile Include="HelloWorld_p.c">
      <Filter>생성 파일</Filter>
    </ClCompile>
    <ClCompile Include="dlldata.c">
      <Filter>생성 파일</Filter>
    </ClCompile>
  </ItemGroup>
</Project>